
Microsoft Visual Studio Solution File, Format Version 12.00
# Visual Studio Version 17
VisualStudioVersion = 17.11.35219.272
MinimumVisualStudioVersion = 10.0.40219.1
Project("{00D1A9C2-B5F0-4AF3-8072-F6C62B433612}") = "SMTIDatabase", "SMTIDatabase\SMTIDatabase.sqlproj", "{C13030CC-344C-454B-88C9-A2F03F87C8CB}"
EndProject
Project("{FAE04EC0-301F-11D3-BF4B-00C04F79EFBC}") = "SMTIWebSite", "SMTIWebSite\SMTIWebSite.csproj", "{F8051A90-871F-4908-B143-58F331DF1848}"
EndProject
Global
	GlobalSection(SolutionConfigurationPlatforms) = preSolution
		Debug|Any CPU = Debug|Any CPU
		Release|Any CPU = Release|Any CPU
	EndGlobalSection
	GlobalSection(ProjectConfigurationPlatforms) = postSolution
		{C13030CC-344C-454B-88C9-A2F03F87C8CB}.Debug|Any CPU.ActiveCfg = Debug|Any CPU
		{C13030CC-344C-454B-88C9-A2F03F87C8CB}.Debug|Any CPU.Build.0 = Debug|Any CPU
		{C13030CC-344C-454B-88C9-A2F03F87C8CB}.Debug|Any CPU.Deploy.0 = Debug|Any CPU
		{C13030CC-344C-454B-88C9-A2F03F87C8CB}.Release|Any CPU.ActiveCfg = Release|Any CPU
		{C13030CC-344C-454B-88C9-A2F03F87C8CB}.Release|Any CPU.Build.0 = Release|Any CPU
		{C13030CC-344C-454B-88C9-A2F03F87C8CB}.Release|Any CPU.Deploy.0 = Release|Any CPU
		{F8051A90-871F-4908-B143-58F331DF1848}.Debug|Any CPU.ActiveCfg = Debug|Any CPU
		{F8051A90-871F-4908-B143-58F331DF1848}.Debug|Any CPU.Build.0 = Debug|Any CPU
		{F8051A90-871F-4908-B143-58F331DF1848}.Release|Any CPU.ActiveCfg = Release|Any CPU
		{F8051A90-871F-4908-B143-58F331DF1848}.Release|Any CPU.Build.0 = Release|Any CPU
	EndGlobalSection
	GlobalSection(SolutionProperties) = preSolution
		HideSolutionNode = FALSE
	EndGlobalSection
	GlobalSection(ExtensibilityGlobals) = postSolution
		SolutionGuid = {AC5C6AE8-7F21-4424-8520-3EE4DF832A9E}
	EndGlobalSection
EndGlobal
